
Microsoft Visual Studio Solution File, Format Version 12.00
# Visual Studio Version 17
VisualStudioVersion = 17.4.33205.214
MinimumVisualStudioVersion = 10.0.40219.1
Project("{9A19103F-16F7-4668-BE54-9A1E7A4F7556}") = "ChromeDriverLibrary", "ChromeDriverLibrary\ChromeDriverLibrary.csproj", "{88EAD6A4-B0A9-48F6-B99F-E375900970D9}"
EndProject
Project("{FAE04EC0-301F-11D3-BF4B-00C04F79EFBC}") = "OracleMixedTool", "OracleMixedTool\OracleMixedTool.csproj", "{845D70DD-FFAB-4E8E-8F31-B6526A3058D0}"
EndProject
Global
	GlobalSection(SolutionConfigurationPlatforms) = preSolution
		Debug|Any CPU = Debug|Any CPU
		Release|Any CPU = Release|Any CPU
	EndGlobalSection
	GlobalSection(ProjectConfigurationPlatforms) = postSolution
		{88EAD6A4-B0A9-48F6-B99F-E375900970D9}.Debug|Any CPU.ActiveCfg = Debug|Any CPU
		{88EAD6A4-B0A9-48F6-B99F-E375900970D9}.Debug|Any CPU.Build.0 = Debug|Any CPU
		{88EAD6A4-B0A9-48F6-B99F-E375900970D9}.Release|Any CPU.ActiveCfg = Release|Any CPU
		{88EAD6A4-B0A9-48F6-B99F-E375900970D9}.Release|Any CPU.Build.0 = Release|Any CPU
		{845D70DD-FFAB-4E8E-8F31-B6526A3058D0}.Debug|Any CPU.ActiveCfg = Debug|Any CPU
		{845D70DD-FFAB-4E8E-8F31-B6526A3058D0}.Debug|Any CPU.Build.0 = Debug|Any CPU
		{845D70DD-FFAB-4E8E-8F31-B6526A3058D0}.Release|Any CPU.ActiveCfg = Release|Any CPU
		{845D70DD-FFAB-4E8E-8F31-B6526A3058D0}.Release|Any CPU.Build.0 = Release|Any CPU
	EndGlobalSection
	GlobalSection(SolutionProperties) = preSolution
		HideSolutionNode = FALSE
	EndGlobalSection
	GlobalSection(ExtensibilityGlobals) = postSolution
		SolutionGuid = {FD962335-2023-4C09-A504-3EEA81AED064}
	EndGlobalSection
EndGlobal
